
Microsoft Visual Studio Solution File, Format Version 12.00
# Visual Studio Version 16
VisualStudioVersion = 16.0.30711.63
MinimumVisualStudioVersion = 10.0.40219.1
Project("{FAE04EC0-301F-11D3-BF4B-00C04F79EFBC}") = "CI0126-ExamenFinal-B70866", "CI0126-ExamenFinal-B70866\CI0126-ExamenFinal-B70866.csproj", "{21603D52-0C9F-4C71-9E8D-E7E513C3FED6}"
EndProject
Project("{FAE04EC0-301F-11D3-BF4B-00C04F79EFBC}") = "CI0126-ExamenFinal-B70866.Tests", "CI0126-ExamenFinal-B70866.Tests\CI0126-ExamenFinal-B70866.Tests.csproj", "{6CB42B2E-C7DC-4235-A4BA-87734957F88B}"
EndProject
Global
	GlobalSection(SolutionConfigurationPlatforms) = preSolution
		Debug|Any CPU = Debug|Any CPU
		Release|Any CPU = Release|Any CPU
	EndGlobalSection
	GlobalSection(ProjectConfigurationPlatforms) = postSolution
		{21603D52-0C9F-4C71-9E8D-E7E513C3FED6}.Debug|Any CPU.ActiveCfg = Debug|Any CPU
		{21603D52-0C9F-4C71-9E8D-E7E513C3FED6}.Debug|Any CPU.Build.0 = Debug|Any CPU
		{21603D52-0C9F-4C71-9E8D-E7E513C3FED6}.Release|Any CPU.ActiveCfg = Release|Any CPU
		{21603D52-0C9F-4C71-9E8D-E7E513C3FED6}.Release|Any CPU.Build.0 = Release|Any CPU
		{6CB42B2E-C7DC-4235-A4BA-87734957F88B}.Debug|Any CPU.ActiveCfg = Debug|Any CPU
		{6CB42B2E-C7DC-4235-A4BA-87734957F88B}.Debug|Any CPU.Build.0 = Debug|Any CPU
		{6CB42B2E-C7DC-4235-A4BA-87734957F88B}.Release|Any CPU.ActiveCfg = Release|Any CPU
		{6CB42B2E-C7DC-4235-A4BA-87734957F88B}.Release|Any CPU.Build.0 = Release|Any CPU
	EndGlobalSection
	GlobalSection(SolutionProperties) = preSolution
		HideSolutionNode = FALSE
	EndGlobalSection
	GlobalSection(ExtensibilityGlobals) = postSolution
		SolutionGuid = {5244C6F7-AF25-40DD-A916-E75FC5F0FE91}
	EndGlobalSection
EndGlobal
